// !$*UTF8*$!
{
	archiveVersion = 1;
	classes = {
	};
	objectVersion = 46;
	objects = {

/* Begin PBXBuildFile section */
		B117678C1D251360009921C4 /* overViewItemModel.m in Sources */ = {isa = PBXBuildFile; fileRef = B117678B1D251360009921C4 /* overViewItemModel.m */; };
		B11767911D29FB06009921C4 /* FMData.m in Sources */ = {isa = PBXBuildFile; fileRef = B117678E1D29FB06009921C4 /* FMData.m */; };
		B11767921D29FB06009921C4 /* HttpTool.m in Sources */ = {isa = PBXBuildFile; fileRef = B11767901D29FB06009921C4 /* HttpTool.m */; };
		B11D52841D2CFFF900A8A6CA /* photoView.m in Sources */ = {isa = PBXBuildFile; fileRef = B11D52831D2CFFF900A8A6CA /* photoView.m */; };
		B11D528E1D2D0C9C00A8A6CA /* photoViewCell.m in Sources */ = {isa = PBXBuildFile; fileRef = B11D528C1D2D0C9C00A8A6CA /* photoViewCell.m */; };
		B11D528F1D2D0C9C00A8A6CA /* photoViewCell.xib in Resources */ = {isa = PBXBuildFile; fileRef = B11D528D1D2D0C9C00A8A6CA /* photoViewCell.xib */; };
		B11D52921D2DF89C00A8A6CA /* imageModel.m in Sources */ = {isa = PBXBuildFile; fileRef = B11D52911D2DF89C00A8A6CA /* imageModel.m */; };
		B11D52981D2E316900A8A6CA /* userInfo.m in Sources */ = {isa = PBXBuildFile; fileRef = B11D52971D2E316900A8A6CA /* userInfo.m */; };
		B11DA7FE1D23CB800095E574 /* TextController.m in Sources */ = {isa = PBXBuildFile; fileRef = B11DA7FD1D23CB800095E574 /* TextController.m */; };
		B11DA8011D24D5CA0095E574 /* MainController.m in Sources */ = {isa = PBXBuildFile; fileRef = B11DA8001D24D5CA0095E574 /* MainController.m */; };
		B129DD651D18D9C0007A08C6 /* CardScrollView.m in Sources */ = {isa = PBXBuildFile; fileRef = B129DD641D18D9C0007A08C6 /* CardScrollView.m */; };
		B129DD681D1917CC007A08C6 /* MyAnimation.m in Sources */ = {isa = PBXBuildFile; fileRef = B129DD671D1917CC007A08C6 /* MyAnimation.m */; };
		B129DD7B1D192CD1007A08C6 /* FebruaryController.m in Sources */ = {isa = PBXBuildFile; fileRef = B129DD761D192CD1007A08C6 /* FebruaryController.m */; };
		B129DD7C1D192CD1007A08C6 /* bottomView.m in Sources */ = {isa = PBXBuildFile; fileRef = B129DD7A1D192CD1007A08C6 /* bottomView.m */; };
		B129DD7E1D193AF5007A08C6 /* bottomView.xib in Resources */ = {isa = PBXBuildFile; fileRef = B129DD7D1D193AF5007A08C6 /* bottomView.xib */; };
		B129DD811D1A341D007A08C6 /* subView.m in Sources */ = {isa = PBXBuildFile; fileRef = B129DD801D1A341D007A08C6 /* subView.m */; };
		B129DD851D1A487A007A08C6 /* JinnPopMenu.m in Sources */ = {isa = PBXBuildFile; fileRef = B129DD831D1A487A007A08C6 /* JinnPopMenu.m */; };
		B129DD891D1A6C6B007A08C6 /* CalendarCell.m in Sources */ = {isa = PBXBuildFile; fileRef = B129DD871D1A6C6B007A08C6 /* CalendarCell.m */; };
		B129DD8A1D1A6C6B007A08C6 /* CalendarCell.xib in Resources */ = {isa = PBXBuildFile; fileRef = B129DD881D1A6C6B007A08C6 /* CalendarCell.xib */; };
		B129DD8D1D1A7913007A08C6 /* headView.m in Sources */ = {isa = PBXBuildFile; fileRef = B129DD8C1D1A7913007A08C6 /* headView.m */; };
		B129DD901D1B8E1A007A08C6 /* FebruaryTool.m in Sources */ = {isa = PBXBuildFile; fileRef = B129DD8F1D1B8E1A007A08C6 /* FebruaryTool.m */; };
		B129DD931D1CC750007A08C6 /* SettingController.m in Sources */ = {isa = PBXBuildFile; fileRef = B129DD921D1CC750007A08C6 /* SettingController.m */; };
		B129DD961D1CD545007A08C6 /* TabBarController.m in Sources */ = {isa = PBXBuildFile; fileRef = B129DD951D1CD545007A08C6 /* TabBarController.m */; };
		B13773801D1E2D0F007DBF80 /* LZBBubbleTransition.m in Sources */ = {isa = PBXBuildFile; fileRef = B137737A1D1E2D0F007DBF80 /* LZBBubbleTransition.m */; };
		B13773861D1E3126007DBF80 /* LZBBaseTransition.m in Sources */ = {isa = PBXBuildFile; fileRef = B13773851D1E3126007DBF80 /* LZBBaseTransition.m */; };
		B190E8191D0FA4A800963035 /* Assets.xcassets in Resources */ = {isa = PBXBuildFile; fileRef = B190E8181D0FA4A800963035 /* Assets.xcassets */; };
		B190E81C1D0FA4A800963035 /* LaunchScreen.storyboard in Resources */ = {isa = PBXBuildFile; fileRef = B190E81A1D0FA4A800963035 /* LaunchScreen.storyboard */; };
		B190E8521D0FA6A200963035 /* AppDelegate.m in Sources */ = {isa = PBXBuildFile; fileRef = B190E8361D0FA6A200963035 /* AppDelegate.m */; };
		B190E8531D0FA6A200963035 /* Info.plist in Resources */ = {isa = PBXBuildFile; fileRef = B190E8371D0FA6A200963035 /* Info.plist */; };
		B190E8541D0FA6A200963035 /* main.m in Sources */ = {isa = PBXBuildFile; fileRef = B190E8381D0FA6A200963035 /* main.m */; };
		B190E85B1D0FA7D500963035 /* LoginController.m in Sources */ = {isa = PBXBuildFile; fileRef = B190E85A1D0FA7D500963035 /* LoginController.m */; };
		B190E85E1D0FDAB200963035 /* WSPaymentCircleView.m in Sources */ = {isa = PBXBuildFile; fileRef = B190E85D1D0FDAB200963035 /* WSPaymentCircleView.m */; };
		B190E8661D10F41E00963035 /* SignUp.storyboard in Resources */ = {isa = PBXBuildFile; fileRef = B190E8651D10F41E00963035 /* SignUp.storyboard */; };
		B190E8691D10F44900963035 /* SignUpController.m in Sources */ = {isa = PBXBuildFile; fileRef = B190E8681D10F44900963035 /* SignUpController.m */; };
		B190E86D1D11071B00963035 /* SignUpCell.m in Sources */ = {isa = PBXBuildFile; fileRef = B190E86B1D11071B00963035 /* SignUpCell.m */; };
		B190E86E1D11071B00963035 /* SignUpCell.xib in Resources */ = {isa = PBXBuildFile; fileRef = B190E86C1D11071B00963035 /* SignUpCell.xib */; };
		B190E8731D11317E00963035 /* KSDatePicker.m in Sources */ = {isa = PBXBuildFile; fileRef = B190E8701D11317E00963035 /* KSDatePicker.m */; };
		B190E8741D11317E00963035 /* KSDatePickerAppearance.m in Sources */ = {isa = PBXBuildFile; fileRef = B190E8721D11317E00963035 /* KSDatePickerAppearance.m */; };
		B190E8771D114BA000963035 /* HomeController.m in Sources */ = {isa = PBXBuildFile; fileRef = B190E8761D114BA000963035 /* HomeController.m */; };
		B190E87D1D1158A200963035 /* RoundButton.m in Sources */ = {isa = PBXBuildFile; fileRef = B190E87C1D1158A200963035 /* RoundButton.m */; };
		B190E87F1D1247E500963035 /* HomeDateView.xib in Resources */ = {isa = PBXBuildFile; fileRef = B190E87E1D1247E500963035 /* HomeDateView.xib */; };
		B190E8821D12480700963035 /* HomeDateView.m in Sources */ = {isa = PBXBuildFile; fileRef = B190E8811D12480700963035 /* HomeDateView.m */; };
		B190E8851D125E0800963035 /* MenuController.m in Sources */ = {isa = PBXBuildFile; fileRef = B190E8841D125E0800963035 /* MenuController.m */; };
		B190E8891D125E9400963035 /* MenuController.xib in Resources */ = {isa = PBXBuildFile; fileRef = B190E8881D125E9400963035 /* MenuController.xib */; };
		B190E88C1D128A7F00963035 /* GroupsController.m in Sources */ = {isa = PBXBuildFile; fileRef = B190E88B1D128A7F00963035 /* GroupsController.m */; };
		B190E8901D12936600963035 /* GroupsCell.m in Sources */ = {isa = PBXBuildFile; fileRef = B190E88E1D12936600963035 /* GroupsCell.m */; };
		B190E8911D12936600963035 /* GroupsCell.xib in Resources */ = {isa = PBXBuildFile; fileRef = B190E88F1D12936600963035 /* GroupsCell.xib */; };
		B190E8981D12AAD000963035 /* CreateController.m in Sources */ = {isa = PBXBuildFile; fileRef = B190E8971D12AAD000963035 /* CreateController.m */; };
		B190E89E1D138FF300963035 /* CreateCell.m in Sources */ = {isa = PBXBuildFile; fileRef = B190E89C1D138FF300963035 /* CreateCell.m */; };
		B190E89F1D138FF300963035 /* CreateCell.xib in Resources */ = {isa = PBXBuildFile; fileRef = B190E89D1D138FF300963035 /* CreateCell.xib */; };
		B190E8A81D13A2E300963035 /* ListsController.m in Sources */ = {isa = PBXBuildFile; fileRef = B190E8A71D13A2E300963035 /* ListsController.m */; };
		B190E8AC1D13B2A700963035 /* ListsCell.m in Sources */ = {isa = PBXBuildFile; fileRef = B190E8AA1D13B2A700963035 /* ListsCell.m */; };
		B190E8AD1D13B2A700963035 /* ListsCell.xib in Resources */ = {isa = PBXBuildFile; fileRef = B190E8AB1D13B2A700963035 /* ListsCell.xib */; };
		B190E8B01D13EE5D00963035 /* OverViewController.m in Sources */ = {isa = PBXBuildFile; fileRef = B190E8AF1D13EE5D00963035 /* OverViewController.m */; };
		B190E8B81D13F42000963035 /* nextView.m in Sources */ = {isa = PBXBuildFile; fileRef = B190E8B71D13F42000963035 /* nextView.m */; };
		B190E8BB1D13F49100963035 /* CutemView.m in Sources */ = {isa = PBXBuildFile; fileRef = B190E8BA1D13F49100963035 /* CutemView.m */; };
		B190E8BF1D14EC1300963035 /* nextCollectionCell.m in Sources */ = {isa = PBXBuildFile; fileRef = B190E8BD1D14EC1300963035 /* nextCollectionCell.m */; };
		B190E8C01D14EC1300963035 /* nextCollectionCell.xib in Resources */ = {isa = PBXBuildFile; fileRef = B190E8BE1D14EC1300963035 /* nextCollectionCell.xib */; };
		B190E8C41D17AA8800963035 /* OverViewCell.m in Sources */ = {isa = PBXBuildFile; fileRef = B190E8C21D17AA8800963035 /* OverViewCell.m */; };
		B190E8C51D17AA8800963035 /* OverViewCell.xib in Resources */ = {isa = PBXBuildFile; fileRef = B190E8C31D17AA8800963035 /* OverViewCell.xib */; };
		B190E8C81D17C2C100963035 /* ProfileController.m in Sources */ = {isa = PBXBuildFile; fileRef = B190E8C71D17C2C100963035 /* ProfileController.m */; };
		B190E8CC1D17CA1500963035 /* ProfileCell.m in Sources */ = {isa = PBXBuildFile; fileRef = B190E8CA1D17CA1500963035 /* ProfileCell.m */; };
		B190E8CD1D17CA1500963035 /* ProfileCell.xib in Resources */ = {isa = PBXBuildFile; fileRef = B190E8CB1D17CA1500963035 /* ProfileCell.xib */; };
		B190E8D01D17CFA500963035 /* TimelineController.m in Sources */ = {isa = PBXBuildFile; fileRef = B190E8CF1D17CFA500963035 /* TimelineController.m */; };
		B190E8D41D17D51500963035 /* TimelineCell.m in Sources */ = {isa = PBXBuildFile; fileRef = B190E8D21D17D51500963035 /* TimelineCell.m */; };
		B190E8D51D17D51500963035 /* TimelineCell.xib in Resources */ = {isa = PBXBuildFile; fileRef = B190E8D31D17D51500963035 /* TimelineCell.xib */; };
		B190E8D81D17E2B500963035 /* WalkthroughViewController.m in Sources */ = {isa = PBXBuildFile; fileRef = B190E8D71D17E2B500963035 /* WalkthroughViewController.m */; };
		CF163140D71C74CE6CA529AA /* libPods.a in Frameworks */ = {isa = PBXBuildFile; fileRef = 29617A2C6FABF45BA840B4C8 /* libPods.a */; };
/* End PBXBuildFile section */

/* Begin PBXFileReference section */
		128BF03D17B45C3796A9CE80 /* Pods.release.xcconfig */ = {isa = PBXFileReference; includeInIndex = 1; lastKnownFileType = text.xcconfig; name = Pods.release.xcconfig; path = "Pods/Target Support Files/Pods/Pods.release.xcconfig"; sourceTree = "<group>"; };
		29617A2C6FABF45BA840B4C8 /* libPods.a */ = {isa = PBXFileReference; explicitFileType = archive.ar; includeInIndex = 0; path = libPods.a; sourceTree = BUILT_PRODUCTS_DIR; };
		3212F2D5023926ED082AEA33 /* Pods.debug.xcconfig */ = {isa = PBXFileReference; includeInIndex = 1; lastKnownFileType = text.xcconfig; name = Pods.debug.xcconfig; path = "Pods/Target Support Files/Pods/Pods.debug.xcconfig"; sourceTree = "<group>"; };
		B117678A1D251360009921C4 /* overViewItemModel.h */ = {isa = PBXFileReference; fileEncoding = 4; lastKnownFileType = sourcecode.c.h; path = overViewItemModel.h; sourceTree = "<group>"; };
		B117678B1D251360009921C4 /* overViewItemModel.m */ = {isa = PBXFileReference; fileEncoding = 4; lastKnownFileType = sourcecode.c.objc; path = overViewItemModel.m; sourceTree = "<group>"; };
		B117678D1D29FB06009921C4 /* FMData.h */ = {isa = PBXFileReference; fileEncoding = 4; lastKnownFileType = sourcecode.c.h; path = FMData.h; sourceTree = "<group>"; };
		B117678E1D29FB06009921C4 /* FMData.m */ = {isa = PBXFileReference; fileEncoding = 4; lastKnownFileType = sourcecode.c.objc; path = FMData.m; sourceTree = "<group>"; };
		B117678F1D29FB06009921C4 /* HttpTool.h */ = {isa = PBXFileReference; fileEncoding = 4; lastKnownFileType = sourcecode.c.h; path = HttpTool.h; sourceTree = "<group>"; };
		B11767901D29FB06009921C4 /* HttpTool.m */ = {isa = PBXFileReference; fileEncoding = 4; lastKnownFileType = sourcecode.c.objc; path = HttpTool.m; sourceTree = "<group>"; };
		B11D52821D2CFFF900A8A6CA /* photoView.h */ = {isa = PBXFileReference; fileEncoding = 4; lastKnownFileType = sourcecode.c.h; path = photoView.h; sourceTree = "<group>"; };
		B11D52831D2CFFF900A8A6CA /* photoView.m */ = {isa = PBXFileReference; fileEncoding = 4; lastKnownFileType = sourcecode.c.objc; path = photoView.m; sourceTree = "<group>"; };
		B11D528B1D2D0C9C00A8A6CA /* photoViewCell.h */ = {isa = PBXFileReference; fileEncoding = 4; lastKnownFileType = sourcecode.c.h; path = photoViewCell.h; sourceTree = "<group>"; };
		B11D528C1D2D0C9C00A8A6CA /* photoViewCell.m */ = {isa = PBXFileReference; fileEncoding = 4; lastKnownFileType = sourcecode.c.objc; path = photoViewCell.m; sourceTree = "<group>"; };
		B11D528D1D2D0C9C00A8A6CA /* photoViewCell.xib */ = {isa = PBXFileReference; fileEncoding = 4; lastKnownFileType = file.xib; path = photoViewCell.xib; sourceTree = "<group>"; };
		B11D52901D2DF89C00A8A6CA /* imageModel.h */ = {isa = PBXFileReference; fileEncoding = 4; lastKnownFileType = sourcecode.c.h; path = imageModel.h; sourceTree = "<group>"; };
		B11D52911D2DF89C00A8A6CA /* imageModel.m */ = {isa = PBXFileReference; fileEncoding = 4; lastKnownFileType = sourcecode.c.objc; path = imageModel.m; sourceTree = "<group>"; };
		B11D52961D2E316900A8A6CA /* userInfo.h */ = {isa = PBXFileReference; fileEncoding = 4; lastKnownFileType = sourcecode.c.h; path = userInfo.h; sourceTree = "<group>"; };
		B11D52971D2E316900A8A6CA /* userInfo.m */ = {isa = PBXFileReference; fileEncoding = 4; lastKnownFileType = sourcecode.c.objc; path = userInfo.m; sourceTree = "<group>"; };
		B11DA7FC1D23CB800095E574 /* TextController.h */ = {isa = PBXFileReference; fileEncoding = 4; lastKnownFileType = sourcecode.c.h; path = TextController.h; sourceTree = "<group>"; };
		B11DA7FD1D23CB800095E574 /* TextController.m */ = {isa = PBXFileReference; fileEncoding = 4; lastKnownFileType = sourcecode.c.objc; path = TextController.m; sourceTree = "<group>"; };
		B11DA7FF1D24D5CA0095E574 /* MainController.h */ = {isa = PBXFileReference; fileEncoding = 4; lastKnownFileType = sourcecode.c.h; path = MainController.h; sourceTree = "<group>"; };
		B11DA8001D24D5CA0095E574 /* MainController.m */ = {isa = PBXFileReference; fileEncoding = 4; lastKnownFileType = sourcecode.c.objc; path = MainController.m; sourceTree = "<group>"; };
		B129DD631D18D9C0007A08C6 /* CardScrollView.h */ = {isa = PBXFileReference; fileEncoding = 4; lastKnownFileType = sourcecode.c.h; path = CardScrollView.h; sourceTree = "<group>"; };
		B129DD641D18D9C0007A08C6 /* CardScrollView.m */ = {isa = PBXFileReference; fileEncoding = 4; lastKnownFileType = sourcecode.c.objc; path = CardScrollView.m; sourceTree = "<group>"; };
		B129DD661D1917CC007A08C6 /* MyAnimation.h */ = {isa = PBXFileReference; fileEncoding = 4; lastKnownFileType = sourcecode.c.h; path = MyAnimation.h; sourceTree = "<group>"; };
		B129DD671D1917CC007A08C6 /* MyAnimation.m */ = {isa = PBXFileReference; fileEncoding = 4; lastKnownFileType = sourcecode.c.objc; path = MyAnimation.m; sourceTree = "<group>"; };
		B129DD751D192CD1007A08C6 /* FebruaryController.h */ = {isa = PBXFileReference; fileEncoding = 4; lastKnownFileType = sourcecode.c.h; path = FebruaryController.h; sourceTree = "<group>"; };
		B129DD761D192CD1007A08C6 /* FebruaryController.m */ = {isa = PBXFileReference; fileEncoding = 4; lastKnownFileType = sourcecode.c.objc; path = FebruaryController.m; sourceTree = "<group>"; };
		B129DD791D192CD1007A08C6 /* bottomView.h */ = {isa = PBXFileReference; fileEncoding = 4; lastKnownFileType = sourcecode.c.h; path = bottomView.h; sourceTree = "<group>"; };
		B129DD7A1D192CD1007A08C6 /* bottomView.m */ = {isa = PBXFileReference; fileEncoding = 4; lastKnownFileType = sourcecode.c.objc; path = bottomView.m; sourceTree = "<group>"; };
		B129DD7D1D193AF5007A08C6 /* bottomView.xib */ = {isa = PBXFileReference; fileEncoding = 4; lastKnownFileType = file.xib; path = bottomView.xib; sourceTree = "<group>"; };
		B129DD7F1D1A341D007A08C6 /* subView.h */ = {isa = PBXFileReference; fileEncoding = 4; lastKnownFileType = sourcecode.c.h; path = subView.h; sourceTree = "<group>"; };
		B129DD801D1A341D007A08C6 /* subView.m */ = {isa = PBXFileReference; fileEncoding = 4; lastKnownFileType = sourcecode.c.objc; path = subView.m; sourceTree = "<group>"; };
		B129DD821D1A487A007A08C6 /* JinnPopMenu.h */ = {isa = PBXFileReference; fileEncoding = 4; lastKnownFileType = sourcecode.c.h; path = JinnPopMenu.h; sourceTree = "<group>"; };
		B129DD831D1A487A007A08C6 /* JinnPopMenu.m */ = {isa = PBXFileReference; fileEncoding = 4; lastKnownFileType = sourcecode.c.objc; path = JinnPopMenu.m; sourceTree = "<group>"; };
		B129DD861D1A6C6B007A08C6 /* CalendarCell.h */ = {isa = PBXFileReference; fileEncoding = 4; lastKnownFileType = sourcecode.c.h; path = CalendarCell.h; sourceTree = "<group>"; };
		B129DD871D1A6C6B007A08C6 /* CalendarCell.m */ = {isa = PBXFileReference; fileEncoding = 4; lastKnownFileType = sourcecode.c.objc; path = CalendarCell.m; sourceTree = "<group>"; };
		B129DD881D1A6C6B007A08C6 /* CalendarCell.xib */ = {isa = PBXFileReference; fileEncoding = 4; lastKnownFileType = file.xib; path = CalendarCell.xib; sourceTree = "<group>"; };
		B129DD8B1D1A7913007A08C6 /* headView.h */ = {isa = PBXFileReference; fileEncoding = 4; lastKnownFileType = sourcecode.c.h; path = headView.h; sourceTree = "<group>"; };
		B129DD8C1D1A7913007A08C6 /* headView.m */ = {isa = PBXFileReference; fileEncoding = 4; lastKnownFileType = sourcecode.c.objc; path = headView.m; sourceTree = "<group>"; };
		B129DD8E1D1B8E1A007A08C6 /* FebruaryTool.h */ = {isa = PBXFileReference; fileEncoding = 4; lastKnownFileType = sourcecode.c.h; path = FebruaryTool.h; sourceTree = "<group>"; };
		B129DD8F1D1B8E1A007A08C6 /* FebruaryTool.m */ = {isa = PBXFileReference; fileEncoding = 4; lastKnownFileType = sourcecode.c.objc; path = FebruaryTool.m; sourceTree = "<group>"; };
		B129DD911D1CC750007A08C6 /* SettingController.h */ = {isa = PBXFileReference; fileEncoding = 4; lastKnownFileType = sourcecode.c.h; path = SettingController.h; sourceTree = "<group>"; };
		B129DD921D1CC750007A08C6 /* SettingController.m */ = {isa = PBXFileReference; fileEncoding = 4; lastKnownFileType = sourcecode.c.objc; path = SettingController.m; sourceTree = "<group>"; };
		B129DD941D1CD545007A08C6 /* TabBarController.h */ = {isa = PBXFileReference; fileEncoding = 4; lastKnownFileType = sourcecode.c.h; path = TabBarController.h; sourceTree = "<group>"; };
		B129DD951D1CD545007A08C6 /* TabBarController.m */ = {isa = PBXFileReference; fileEncoding = 4; lastKnownFileType = sourcecode.c.objc; path = TabBarController.m; sourceTree = "<group>"; };
		B13773791D1E2D0F007DBF80 /* LZBBubbleTransition.h */ = {isa = PBXFileReference; fileEncoding = 4; lastKnownFileType = sourcecode.c.h; path = LZBBubbleTransition.h; sourceTree = "<group>"; };
		B137737A1D1E2D0F007DBF80 /* LZBBubbleTransition.m */ = {isa = PBXFileReference; fileEncoding = 4; lastKnownFileType = sourcecode.c.objc; path = LZBBubbleTransition.m; sourceTree = "<group>"; };
		B13773841D1E3126007DBF80 /* LZBBaseTransition.h */ = {isa = PBXFileReference; fileEncoding = 4; lastKnownFileType = sourcecode.c.h; path = LZBBaseTransition.h; sourceTree = "<group>"; };
		B13773851D1E3126007DBF80 /* LZBBaseTransition.m */ = {isa = PBXFileReference; fileEncoding = 4; lastKnownFileType = sourcecode.c.objc; path = LZBBaseTransition.m; sourceTree = "<group>"; };
		B190E8091D0FA4A800963035 /* KEEPING.app */ = {isa = PBXFileReference; explicitFileType = wrapper.application; includeInIndex = 0; path = KEEPING.app; sourceTree = BUILT_PRODUCTS_DIR; };
		B190E8181D0FA4A800963035 /* Assets.xcassets */ = {isa = PBXFileReference; lastKnownFileType = folder.assetcatalog; path = Assets.xcassets; sourceTree = "<group>"; };
		B190E81B1D0FA4A800963035 /* Base */ = {isa = PBXFileReference; lastKnownFileType = file.storyboard; name = Base; path = Base.lproj/LaunchScreen.storyboard; sourceTree = "<group>"; };
		B190E8351D0FA6A200963035 /* AppDelegate.h */ = {isa = PBXFileReference; fileEncoding = 4; lastKnownFileType = sourcecode.c.h; path = AppDelegate.h; sourceTree = "<group>"; };
		B190E8361D0FA6A200963035 /* AppDelegate.m */ = {isa = PBXFileReference; fileEncoding = 4; lastKnownFileType = sourcecode.c.objc; path = AppDelegate.m; sourceTree = "<group>"; };
		B190E8371D0FA6A200963035 /* Info.plist */ = {isa = PBXFileReference; fileEncoding = 4; lastKnownFileType = text.plist.xml; path = Info.plist; sourceTree = "<group>"; };
		B190E8381D0FA6A200963035 /* main.m */ = {isa = PBXFileReference; fileEncoding = 4; lastKnownFileType = sourcecode.c.objc; path = main.m; sourceTree = "<group>"; };
		B190E8591D0FA7D500963035 /* LoginController.h */ = {isa = PBXFileReference; fileEncoding = 4; lastKnownFileType = sourcecode.c.h; path = LoginController.h; sourceTree = "<group>"; };
		B190E85A1D0FA7D500963035 /* LoginController.m */ = {isa = PBXFileReference; fileEncoding = 4; lastKnownFileType = sourcecode.c.objc; path = LoginController.m; sourceTree = "<group>"; };
		B190E85C1D0FDAB200963035 /* WSPaymentCircleView.h */ = {isa = PBXFileReference; fileEncoding = 4; lastKnownFileType = sourcecode.c.h; path = WSPaymentCircleView.h; sourceTree = "<group>"; };
		B190E85D1D0FDAB200963035 /* WSPaymentCircleView.m */ = {isa = PBXFileReference; fileEncoding = 4; lastKnownFileType = sourcecode.c.objc; path = WSPaymentCircleView.m; sourceTree = "<group>"; };
		B190E8641D0FED5D00963035 /* PrefixHeader.pch */ = {isa = PBXFileReference; lastKnownFileType = sourcecode.c.h; path = PrefixHeader.pch; sourceTree = "<group>"; };
		B190E8651D10F41E00963035 /* SignUp.storyboard */ = {isa = PBXFileReference; fileEncoding = 4; lastKnownFileType = file.storyboard; path = SignUp.storyboard; sourceTree = "<group>"; };
		B190E8671D10F44900963035 /* SignUpController.h */ = {isa = PBXFileReference; fileEncoding = 4; lastKnownFileType = sourcecode.c.h; path = SignUpController.h; sourceTree = "<group>"; };
		B190E8681D10F44900963035 /* SignUpController.m */ = {isa = PBXFileReference; fileEncoding = 4; lastKnownFileType = sourcecode.c.objc; path = SignUpController.m; sourceTree = "<group>"; };
		B190E86A1D11071B00963035 /* SignUpCell.h */ = {isa = PBXFileReference; fileEncoding = 4; lastKnownFileType = sourcecode.c.h; path = SignUpCell.h; sourceTree = "<group>"; };
		B190E86B1D11071B00963035 /* SignUpCell.m */ = {isa = PBXFileReference; fileEncoding = 4; lastKnownFileType = sourcecode.c.objc; path = SignUpCell.m; sourceTree = "<group>"; };
		B190E86C1D11071B00963035 /* SignUpCell.xib */ = {isa = PBXFileReference; fileEncoding = 4; lastKnownFileType = file.xib; path = SignUpCell.xib; sourceTree = "<group>"; };
		B190E86F1D11317E00963035 /* KSDatePicker.h */ = {isa = PBXFileReference; fileEncoding = 4; lastKnownFileType = sourcecode.c.h; path = KSDatePicker.h; sourceTree = "<group>"; };
		B190E8701D11317E00963035 /* KSDatePicker.m */ = {isa = PBXFileReference; fileEncoding = 4; lastKnownFileType = sourcecode.c.objc; path = KSDatePicker.m; sourceTree = "<group>"; };
		B190E8711D11317E00963035 /* KSDatePickerAppearance.h */ = {isa = PBXFileReference; fileEncoding = 4; lastKnownFileType = sourcecode.c.h; path = KSDatePickerAppearance.h; sourceTree = "<group>"; };
		B190E8721D11317E00963035 /* KSDatePickerAppearance.m */ = {isa = PBXFileReference; fileEncoding = 4; lastKnownFileType = sourcecode.c.objc; path = KSDatePickerAppearance.m; sourceTree = "<group>"; };
		B190E8751D114BA000963035 /* HomeController.h */ = {isa = PBXFileReference; fileEncoding = 4; lastKnownFileType = sourcecode.c.h; path = HomeController.h; sourceTree = "<group>"; };
		B190E8761D114BA000963035 /* HomeController.m */ = {isa = PBXFileReference; fileEncoding = 4; lastKnownFileType = sourcecode.c.objc; path = HomeController.m; sourceTree = "<group>"; };
		B190E87B1D1158A200963035 /* RoundButton.h */ = {isa = PBXFileReference; fileEncoding = 4; lastKnownFileType = sourcecode.c.h; path = RoundButton.h; sourceTree = "<group>"; };
		B190E87C1D1158A200963035 /* RoundButton.m */ = {isa = PBXFileReference; fileEncoding = 4; lastKnownFileType = sourcecode.c.objc; path = RoundButton.m; sourceTree = "<group>"; };
		B190E87E1D1247E500963035 /* HomeDateView.xib */ = {isa = PBXFileReference; fileEncoding = 4; lastKnownFileType = file.xib; path = HomeDateView.xib; sourceTree = "<group>"; };
		B190E8801D12480700963035 /* HomeDateView.h */ = {isa = PBXFileReference; fileEncoding = 4; lastKnownFileType = sourcecode.c.h; path = HomeDateView.h; sourceTree = "<group>"; };
		B190E8811D12480700963035 /* HomeDateView.m */ = {isa = PBXFileReference; fileEncoding = 4; lastKnownFileType = sourcecode.c.objc; path = HomeDateView.m; sourceTree = "<group>"; };
		B190E8831D125E0800963035 /* MenuController.h */ = {isa = PBXFileReference; fileEncoding = 4; lastKnownFileType = sourcecode.c.h; path = MenuController.h; sourceTree = "<group>"; };
		B190E8841D125E0800963035 /* MenuController.m */ = {isa = PBXFileReference; fileEncoding = 4; lastKnownFileType = sourcecode.c.objc; path = MenuController.m; sourceTree = "<group>"; };
		B190E8881D125E9400963035 /* MenuController.xib */ = {isa = PBXFileReference; fileEncoding = 4; lastKnownFileType = file.xib; path = MenuController.xib; sourceTree = "<group>"; };
		B190E88A1D128A7F00963035 /* GroupsController.h */ = {isa = PBXFileReference; fileEncoding = 4; lastKnownFileType = sourcecode.c.h; path = GroupsController.h; sourceTree = "<group>"; };
		B190E88B1D128A7F00963035 /* GroupsController.m */ = {isa = PBXFileReference; fileEncoding = 4; lastKnownFileType = sourcecode.c.objc; path = GroupsController.m; sourceTree = "<group>"; };
		B190E88D1D12936600963035 /* GroupsCell.h */ = {isa = PBXFileReference; fileEncoding = 4; lastKnownFileType = sourcecode.c.h; path = GroupsCell.h; sourceTree = "<group>"; };
		B190E88E1D12936600963035 /* GroupsCell.m */ = {isa = PBXFileReference; fileEncoding = 4; lastKnownFileType = sourcecode.c.objc; path = GroupsCell.m; sourceTree = "<group>"; };
		B190E88F1D12936600963035 /* GroupsCell.xib */ = {isa = PBXFileReference; fileEncoding = 4; lastKnownFileType = file.xib; path = GroupsCell.xib; sourceTree = "<group>"; };
		B190E8961D12AAD000963035 /* CreateController.h */ = {isa = PBXFileReference; fileEncoding = 4; lastKnownFileType = sourcecode.c.h; path = CreateController.h; sourceTree = "<group>"; };
		B190E8971D12AAD000963035 /* CreateController.m */ = {isa = PBXFileReference; fileEncoding = 4; lastKnownFileType = sourcecode.c.objc; path = CreateController.m; sourceTree = "<group>"; };
		B190E89B1D138FF300963035 /* CreateCell.h */ = {isa = PBXFileReference; fileEncoding = 4; lastKnownFileType = sourcecode.c.h; path = CreateCell.h; sourceTree = "<group>"; };
		B190E89C1D138FF300963035 /* CreateCell.m */ = {isa = PBXFileReference; fileEncoding = 4; lastKnownFileType = sourcecode.c.objc; path = CreateCell.m; sourceTree = "<group>"; };
		B190E89D1D138FF300963035 /* CreateCell.xib */ = {isa = PBXFileReference; fileEncoding = 4; lastKnownFileType = file.xib; path = CreateCell.xib; sourceTree = "<group>"; };
		B190E8A61D13A2E300963035 /* ListsController.h */ = {isa = PBXFileReference; fileEncoding = 4; lastKnownFileType = sourcecode.c.h; path = ListsController.h; sourceTree = "<group>"; };
		B190E8A71D13A2E300963035 /* ListsController.m */ = {isa = PBXFileReference; fileEncoding = 4; lastKnownFileType = sourcecode.c.objc; path = ListsController.m; sourceTree = "<group>"; };
		B190E8A91D13B2A700963035 /* ListsCell.h */ = {isa = PBXFileReference; fileEncoding = 4; lastKnownFileType = sourcecode.c.h; path = ListsCell.h; sourceTree = "<group>"; };
		B190E8AA1D13B2A700963035 /* ListsCell.m */ = {isa = PBXFileReference; fileEncoding = 4; lastKnownFileType = sourcecode.c.objc; path = ListsCell.m; sourceTree = "<group>"; };
		B190E8AB1D13B2A700963035 /* ListsCell.xib */ = {isa = PBXFileReference; fileEncoding = 4; lastKnownFileType = file.xib; path = ListsCell.xib; sourceTree = "<group>"; };
		B190E8AE1D13EE5D00963035 /* OverViewController.h */ = {isa = PBXFileReference; fileEncoding = 4; lastKnownFileType = sourcecode.c.h; path = OverViewController.h; sourceTree = "<group>"; };
		B190E8AF1D13EE5D00963035 /* OverViewController.m */ = {isa = PBXFileReference; fileEncoding = 4; lastKnownFileType = sourcecode.c.objc; path = OverViewController.m; sourceTree = "<group>"; };
		B190E8B61D13F42000963035 /* nextView.h */ = {isa = PBXFileReference; fileEncoding = 4; lastKnownFileType = sourcecode.c.h; path = nextView.h; sourceTree = "<group>"; };
		B190E8B71D13F42000963035 /* nextView.m */ = {isa = PBXFileReference; fileEncoding = 4; lastKnownFileType = sourcecode.c.objc; path = nextView.m; sourceTree = "<group>"; };
		B190E8B91D13F49100963035 /* CutemView.h */ = {isa = PBXFileReference; fileEncoding = 4; lastKnownFileType = sourcecode.c.h; path = CutemView.h; sourceTree = "<group>"; };
		B190E8BA1D13F49100963035 /* CutemView.m */ = {isa = PBXFileReference; fileEncoding = 4; lastKnownFileType = sourcecode.c.objc; path = CutemView.m; sourceTree = "<group>"; };
		B190E8BC1D14EC1300963035 /* nextCollectionCell.h */ = {isa = PBXFileReference; fileEncoding = 4; lastKnownFileType = sourcecode.c.h; path = nextCollectionCell.h; sourceTree = "<group>"; };
		B190E8BD1D14EC1300963035 /* nextCollectionCell.m */ = {isa = PBXFileReference; fileEncoding = 4; lastKnownFileType = sourcecode.c.objc; path = nextCollectionCell.m; sourceTree = "<group>"; };
		B190E8BE1D14EC1300963035 /* nextCollectionCell.xib */ = {isa = PBXFileReference; fileEncoding = 4; lastKnownFileType = file.xib; path = nextCollectionCell.xib; sourceTree = "<group>"; };
		B190E8C11D17AA8800963035 /* OverViewCell.h */ = {isa = PBXFileReference; fileEncoding = 4; lastKnownFileType = sourcecode.c.h; path = OverViewCell.h; sourceTree = "<group>"; };
		B190E8C21D17AA8800963035 /* OverViewCell.m */ = {isa = PBXFileReference; fileEncoding = 4; lastKnownFileType = sourcecode.c.objc; path = OverViewCell.m; sourceTree = "<group>"; };
		B190E8C31D17AA8800963035 /* OverViewCell.xib */ = {isa = PBXFileReference; fileEncoding = 4; lastKnownFileType = file.xib; path = OverViewCell.xib; sourceTree = "<group>"; };
		B190E8C61D17C2C100963035 /* ProfileController.h */ = {isa = PBXFileReference; fileEncoding = 4; lastKnownFileType = sourcecode.c.h; path = ProfileController.h; sourceTree = "<group>"; };
		B190E8C71D17C2C100963035 /* ProfileController.m */ = {isa = PBXFileReference; fileEncoding = 4; lastKnownFileType = sourcecode.c.objc; path = ProfileController.m; sourceTree = "<group>"; };
		B190E8C91D17CA1500963035 /* ProfileCell.h */ = {isa = PBXFileReference; fileEncoding = 4; lastKnownFileType = sourcecode.c.h; path = ProfileCell.h; sourceTree = "<group>"; };
		B190E8CA1D17CA1500963035 /* ProfileCell.m */ = {isa = PBXFileReference; fileEncoding = 4; lastKnownFileType = sourcecode.c.objc; path = ProfileCell.m; sourceTree = "<group>"; };
		B190E8CB1D17CA1500963035 /* ProfileCell.xib */ = {isa = PBXFileReference; fileEncoding = 4; lastKnownFileType = file.xib; path = ProfileCell.xib; sourceTree = "<group>"; };
		B190E8CE1D17CFA500963035 /* TimelineController.h */ = {isa = PBXFileReference; fileEncoding = 4; lastKnownFileType = sourcecode.c.h; path = TimelineController.h; sourceTree = "<group>"; };
		B190E8CF1D17CFA500963035 /* TimelineController.m */ = {isa = PBXFileReference; fileEncoding = 4; lastKnownFileType = sourcecode.c.objc; path = TimelineController.m; sourceTree = "<group>"; };
		B190E8D11D17D51500963035 /* TimelineCell.h */ = {isa = PBXFileReference; fileEncoding = 4; lastKnownFileType = sourcecode.c.h; path = TimelineCell.h; sourceTree = "<group>"; };
		B190E8D21D17D51500963035 /* TimelineCell.m */ = {isa = PBXFileReference; fileEncoding = 4; lastKnownFileType = sourcecode.c.objc; path = TimelineCell.m; sourceTree = "<group>"; };
		B190E8D31D17D51500963035 /* TimelineCell.xib */ = {isa = PBXFileReference; fileEncoding = 4; lastKnownFileType = file.xib; path = TimelineCell.xib; sourceTree = "<group>"; };
		B190E8D61D17E2B500963035 /* WalkthroughViewController.h */ = {isa = PBXFileReference; fileEncoding = 4; lastKnownFileType = sourcecode.c.h; path = WalkthroughViewController.h; sourceTree = "<group>"; };
		B190E8D71D17E2B500963035 /* WalkthroughViewController.m */ = {isa = PBXFileReference; fileEncoding = 4; lastKnownFileType = sourcecode.c.objc; path = WalkthroughViewController.m; sourceTree = "<group>"; };
/* End PBXFileReference section */

/* Begin PBXFrameworksBuildPhase section */
		B190E8061D0FA4A800963035 /* Frameworks */ = {
			isa = PBXFrameworksBuildPhase;
			buildActionMask = 2147483647;
			files = (
				CF163140D71C74CE6CA529AA /* libPods.a in Frameworks */,
			);
			runOnlyForDeploymentPostprocessing = 0;
		};
/* End PBXFrameworksBuildPhase section */

/* Begin PBXGroup section */
		4B40A368078C75B47E877A4A /* Frameworks */ = {
			isa = PBXGroup;
			children = (
				29617A2C6FABF45BA840B4C8 /* libPods.a */,
			);
			name = Frameworks;
			sourceTree = "<group>";
		};
		B129DD731D192CD1007A08C6 /* Calendar */ = {
			isa = PBXGroup;
			children = (
				B129DD741D192CD1007A08C6 /* Controller */,
				B129DD771D192CD1007A08C6 /* Model */,
				B129DD781D192CD1007A08C6 /* View */,
			);
			path = Calendar;
			sourceTree = "<group>";
		};
		B129DD741D192CD1007A08C6 /* Controller */ = {
			isa = PBXGroup;
			children = (
				B129DD751D192CD1007A08C6 /* FebruaryController.h */,
				B129DD761D192CD1007A08C6 /* FebruaryController.m */,
			);
			path = Controller;
			sourceTree = "<group>";
		};
		B129DD771D192CD1007A08C6 /* Model */ = {
			isa = PBXGroup;
			children = (
				B129DD8E1D1B8E1A007A08C6 /* FebruaryTool.h */,
				B129DD8F1D1B8E1A007A08C6 /* FebruaryTool.m */,
			);
			path = Model;
			sourceTree = "<group>";
		};
		B129DD781D192CD1007A08C6 /* View */ = {
			isa = PBXGroup;
			children = (
				B129DD841D1A487A007A08C6 /* JinnPopMenu */,
				B129DD791D192CD1007A08C6 /* bottomView.h */,
				B129DD7D1D193AF5007A08C6 /* bottomView.xib */,
				B129DD7A1D192CD1007A08C6 /* bottomView.m */,
				B129DD7F1D1A341D007A08C6 /* subView.h */,
				B129DD801D1A341D007A08C6 /* subView.m */,
				B129DD861D1A6C6B007A08C6 /* CalendarCell.h */,
				B129DD871D1A6C6B007A08C6 /* CalendarCell.m */,
				B129DD881D1A6C6B007A08C6 /* CalendarCell.xib */,
				B129DD8B1D1A7913007A08C6 /* headView.h */,
				B129DD8C1D1A7913007A08C6 /* headView.m */,
			);
			path = View;
			sourceTree = "<group>";
		};
		B129DD841D1A487A007A08C6 /* JinnPopMenu */ = {
			isa = PBXGroup;
			children = (
				B129DD821D1A487A007A08C6 /* JinnPopMenu.h */,
				B129DD831D1A487A007A08C6 /* JinnPopMenu.m */,
			);
			name = JinnPopMenu;
			path = ../../../../../musicPlay/musicPlay/Classes/Other/JinnPopMenu;
			sourceTree = "<group>";
		};
		B13773781D1E2D0F007DBF80 /* Bubble */ = {
			isa = PBXGroup;
			children = (
				B13773841D1E3126007DBF80 /* LZBBaseTransition.h */,
				B13773851D1E3126007DBF80 /* LZBBaseTransition.m */,
				B13773791D1E2D0F007DBF80 /* LZBBubbleTransition.h */,
				B137737A1D1E2D0F007DBF80 /* LZBBubbleTransition.m */,
			);
			path = Bubble;
			sourceTree = "<group>";
		};
		B190E8001D0FA4A800963035 = {
			isa = PBXGroup;
			children = (
				B190E80B1D0FA4A800963035 /* keeping */,
				B190E80A1D0FA4A800963035 /* Products */,
				C6F67A26025C00719C4E5835 /* Pods */,
				4B40A368078C75B47E877A4A /* Frameworks */,
			);
			sourceTree = "<group>";
		};
		B190E80A1D0FA4A800963035 /* Products */ = {
			isa = PBXGroup;
			children = (
				B190E8091D0FA4A800963035 /* KEEPING.app */,
			);
			name = Products;
			sourceTree = "<group>";
		};
		B190E80B1D0FA4A800963035 /* keeping */ = {
			isa = PBXGroup;
			children = (
				B190E8231D0FA6A200963035 /* Classes */,
				B190E80C1D0FA4A800963035 /* Supporting Files */,
			);
			path = keeping;
			sourceTree = "<group>";
		};
		B190E80C1D0FA4A800963035 /* Supporting Files */ = {
			isa = PBXGroup;
			children = (
				B190E8181D0FA4A800963035 /* Assets.xcassets */,
				B190E81A1D0FA4A800963035 /* LaunchScreen.storyboard */,
			);
			name = "Supporting Files";
			sourceTree = "<group>";
		};
		B190E8231D0FA6A200963035 /* Classes */ = {
			isa = PBXGroup;
			children = (
				B129DD731D192CD1007A08C6 /* Calendar */,
				B190E8A21D13A2C900963035 /* Lists */,
				B190E8921D12AA9500963035 /* Create */,
				B190E8551D0FA7B300963035 /* Login */,
				B190E8241D0FA6A200963035 /* Groups */,
				B190E8281D0FA6A200963035 /* Home */,
				B190E82C1D0FA6A200963035 /* Main */,
				B190E8301D0FA6A200963035 /* Menu */,
				B190E8341D0FA6A200963035 /* Other */,
				B190E8391D0FA6A200963035 /* OverView */,
				B190E83D1D0FA6A200963035 /* Profile */,
				B190E8411D0FA6A200963035 /* Setting */,
				B190E8451D0FA6A200963035 /* SignUp */,
				B190E8491D0FA6A200963035 /* TimeLine */,
				B190E84D1D0FA6A200963035 /* Tool */,
				B190E84E1D0FA6A200963035 /* Walkthrough */,
			);
			path = Classes;
			sourceTree = "<group>";
		};
		B190E8241D0FA6A200963035 /* Groups */ = {
			isa = PBXGroup;
			children = (
				B190E8251D0FA6A200963035 /* Controller */,
				B190E8261D0FA6A200963035 /* Model */,
				B190E8271D0FA6A200963035 /* View */,
			);
			path = Groups;
			sourceTree = "<group>";
		};
		B190E8251D0FA6A200963035 /* Controller */ = {
			isa = PBXGroup;
			children = (
				B190E88A1D128A7F00963035 /* GroupsController.h */,
				B190E88B1D128A7F00963035 /* GroupsController.m */,
			);
			path = Controller;
			sourceTree = "<group>";
		};
		B190E8261D0FA6A200963035 /* Model */ = {
			isa = PBXGroup;
			children = (
			);
			path = Model;
			sourceTree = "<group>";
		};
		B190E8271D0FA6A200963035 /* View */ = {
			isa = PBXGroup;
			children = (
				B190E88D1D12936600963035 /* GroupsCell.h */,
				B190E88E1D12936600963035 /* GroupsCell.m */,
				B190E88F1D12936600963035 /* GroupsCell.xib */,
			);
			path = View;
			sourceTree = "<group>";
		};
		B190E8281D0FA6A200963035 /* Home */ = {
			isa = PBXGroup;
			children = (
				B190E8291D0FA6A200963035 /* Controller */,
				B190E82A1D0FA6A200963035 /* Model */,
				B190E82B1D0FA6A200963035 /* View */,
			);
			name = Home;
			path = Heme;
			sourceTree = "<group>";
		};
		B190E8291D0FA6A200963035 /* Controller */ = {
			isa = PBXGroup;
			children = (
				B190E8751D114BA000963035 /* HomeController.h */,
				B190E8761D114BA000963035 /* HomeController.m */,
			);
			path = Controller;
			sourceTree = "<group>";
		};
		B190E82A1D0FA6A200963035 /* Model */ = {
			isa = PBXGroup;
			children = (
			);
			path = Model;
			sourceTree = "<group>";
		};
		B190E82B1D0FA6A200963035 /* View */ = {
			isa = PBXGroup;
			children = (
				B190E87B1D1158A200963035 /* RoundButton.h */,
				B190E87C1D1158A200963035 /* RoundButton.m */,
				B190E87E1D1247E500963035 /* HomeDateView.xib */,
				B190E8801D12480700963035 /* HomeDateView.h */,
				B190E8811D12480700963035 /* HomeDateView.m */,
			);
			path = View;
			sourceTree = "<group>";
		};
		B190E82C1D0FA6A200963035 /* Main */ = {
			isa = PBXGroup;
			children = (
				B190E82D1D0FA6A200963035 /* Controller */,
				B190E82E1D0FA6A200963035 /* Model */,
				B190E82F1D0FA6A200963035 /* View */,
			);
			path = Main;
			sourceTree = "<group>";
		};
		B190E82D1D0FA6A200963035 /* Controller */ = {
			isa = PBXGroup;
			children = (
				B129DD941D1CD545007A08C6 /* TabBarController.h */,
				B129DD951D1CD545007A08C6 /* TabBarController.m */,
				B11DA7FF1D24D5CA0095E574 /* MainController.h */,
				B11DA8001D24D5CA0095E574 /* MainController.m */,
			);
			path = Controller;
			sourceTree = "<group>";
		};
		B190E82E1D0FA6A200963035 /* Model */ = {
			isa = PBXGroup;
			children = (
			);
			path = Model;
			sourceTree = "<group>";
		};
		B190E82F1D0FA6A200963035 /* View */ = {
			isa = PBXGroup;
			children = (
			);
			path = View;
			sourceTree = "<group>";
		};
		B190E8301D0FA6A200963035 /* Menu */ = {
			isa = PBXGroup;
			children = (
				B190E8311D0FA6A200963035 /* Controller */,
				B190E8321D0FA6A200963035 /* Model */,
				B190E8331D0FA6A200963035 /* View */,
			);
			path = Menu;
			sourceTree = "<group>";
		};
		B190E8311D0FA6A200963035 /* Controller */ = {
			isa = PBXGroup;
			children = (
				B190E8831D125E0800963035 /* MenuController.h */,
				B190E8841D125E0800963035 /* MenuController.m */,
				B190E8881D125E9400963035 /* MenuController.xib */,
			);
			path = Controller;
			sourceTree = "<group>";
		};
		B190E8321D0FA6A200963035 /* Model */ = {
			isa = PBXGroup;
			children = (
			);
			path = Model;
			sourceTree = "<group>";
		};
		B190E8331D0FA6A200963035 /* View */ = {
			isa = PBXGroup;
			children = (
			);
			path = View;
			sourceTree = "<group>";
		};
		B190E8341D0FA6A200963035 /* Other */ = {
			isa = PBXGroup;
			children = (
				B190E8351D0FA6A200963035 /* AppDelegate.h */,
				B190E8361D0FA6A200963035 /* AppDelegate.m */,
				B190E8371D0FA6A200963035 /* Info.plist */,
				B190E8381D0FA6A200963035 /* main.m */,
				B190E8641D0FED5D00963035 /* PrefixHeader.pch */,
			);
			path = Other;
			sourceTree = "<group>";
		};
		B190E8391D0FA6A200963035 /* OverView */ = {
			isa = PBXGroup;
			children = (
				B190E83A1D0FA6A200963035 /* Controller */,
				B190E83B1D0FA6A200963035 /* Model */,
				B190E83C1D0FA6A200963035 /* View */,
			);
			path = OverView;
			sourceTree = "<group>";
		};
		B190E83A1D0FA6A200963035 /* Controller */ = {
			isa = PBXGroup;
			children = (
				B190E8AE1D13EE5D00963035 /* OverViewController.h */,
				B190E8AF1D13EE5D00963035 /* OverViewController.m */,
				B11DA7FC1D23CB800095E574 /* TextController.h */,
				B11DA7FD1D23CB800095E574 /* TextController.m */,
			);
			path = Controller;
			sourceTree = "<group>";
		};
		B190E83B1D0FA6A200963035 /* Model */ = {
			isa = PBXGroup;
			children = (
				B117678A1D251360009921C4 /* overViewItemModel.h */,
				B117678B1D251360009921C4 /* overViewItemModel.m */,
			);
			path = Model;
			sourceTree = "<group>";
		};
		B190E83C1D0FA6A200963035 /* View */ = {
			isa = PBXGroup;
			children = (
				B190E8B61D13F42000963035 /* nextView.h */,
				B190E8B71D13F42000963035 /* nextView.m */,
				B190E8BC1D14EC1300963035 /* nextCollectionCell.h */,
				B190E8BD1D14EC1300963035 /* nextCollectionCell.m */,
				B190E8BE1D14EC1300963035 /* nextCollectionCell.xib */,
				B190E8B91D13F49100963035 /* CutemView.h */,
				B190E8BA1D13F49100963035 /* CutemView.m */,
				B190E8C11D17AA8800963035 /* OverViewCell.h */,
				B190E8C21D17AA8800963035 /* OverViewCell.m */,
				B190E8C31D17AA8800963035 /* OverViewCell.xib */,
			);
			path = View;
			sourceTree = "<group>";
		};
		B190E83D1D0FA6A200963035 /* Profile */ = {
			isa = PBXGroup;
			children = (
				B190E83E1D0FA6A200963035 /* Controller */,
				B190E83F1D0FA6A200963035 /* Model */,
				B190E8401D0FA6A200963035 /* View */,
			);
			path = Profile;
			sourceTree = "<group>";
		};
		B190E83E1D0FA6A200963035 /* Controller */ = {
			isa = PBXGroup;
			children = (
				B190E8C61D17C2C100963035 /* ProfileController.h */,
				B190E8C71D17C2C100963035 /* ProfileController.m */,
			);
			path = Controller;
			sourceTree = "<group>";
		};
		B190E83F1D0FA6A200963035 /* Model */ = {
			isa = PBXGroup;
			children = (
			);
			path = Model;
			sourceTree = "<group>";
		};
		B190E8401D0FA6A200963035 /* View */ = {
			isa = PBXGroup;
			children = (
				B190E8C91D17CA1500963035 /* ProfileCell.h */,
				B190E8CA1D17CA1500963035 /* ProfileCell.m */,
				B190E8CB1D17CA1500963035 /* ProfileCell.xib */,
			);
			path = View;
			sourceTree = "<group>";
		};
		B190E8411D0FA6A200963035 /* Setting */ = {
			isa = PBXGroup;
			children = (
				B190E8421D0FA6A200963035 /* Controller */,
				B190E8431D0FA6A200963035 /* Model */,
				B190E8441D0FA6A200963035 /* View */,
			);
			path = Setting;
			sourceTree = "<group>";
		};
		B190E8421D0FA6A200963035 /* Controller */ = {
			isa = PBXGroup;
			children = (
				B129DD911D1CC750007A08C6 /* SettingController.h */,
				B129DD921D1CC750007A08C6 /* SettingController.m */,
			);
			path = Controller;
			sourceTree = "<group>";
		};
		B190E8431D0FA6A200963035 /* Model */ = {
			isa = PBXGroup;
			children = (
			);
			path = Model;
			sourceTree = "<group>";
		};
		B190E8441D0FA6A200963035 /* View */ = {
			isa = PBXGroup;
			children = (
			);
			path = View;
			sourceTree = "<group>";
		};
		B190E8451D0FA6A200963035 /* SignUp */ = {
			isa = PBXGroup;
			children = (
				B190E8461D0FA6A200963035 /* Controller */,
				B190E8471D0FA6A200963035 /* Model */,
				B190E8481D0FA6A200963035 /* View */,
			);
			path = SignUp;
			sourceTree = "<group>";
		};
		B190E8461D0FA6A200963035 /* Controller */ = {
			isa = PBXGroup;
			children = (
				B190E8651D10F41E00963035 /* SignUp.storyboard */,
				B190E8671D10F44900963035 /* SignUpController.h */,
				B190E8681D10F44900963035 /* SignUpController.m */,
			);
			path = Controller;
			sourceTree = "<group>";
		};
		B190E8471D0FA6A200963035 /* Model */ = {
			isa = PBXGroup;
			children = (
				B11D52901D2DF89C00A8A6CA /* imageModel.h */,
				B11D52911D2DF89C00A8A6CA /* imageModel.m */,
				B11D52961D2E316900A8A6CA /* userInfo.h */,
				B11D52971D2E316900A8A6CA /* userInfo.m */,
			);
			path = Model;
			sourceTree = "<group>";
		};
		B190E8481D0FA6A200963035 /* View */ = {
			isa = PBXGroup;
			children = (
				B190E86A1D11071B00963035 /* SignUpCell.h */,
				B190E86B1D11071B00963035 /* SignUpCell.m */,
				B190E86C1D11071B00963035 /* SignUpCell.xib */,
				B190E86F1D11317E00963035 /* KSDatePicker.h */,
				B190E8701D11317E00963035 /* KSDatePicker.m */,
				B190E8711D11317E00963035 /* KSDatePickerAppearance.h */,
				B190E8721D11317E00963035 /* KSDatePickerAppearance.m */,
				B11D52821D2CFFF900A8A6CA /* photoView.h */,
				B11D52831D2CFFF900A8A6CA /* photoView.m */,
				B11D528B1D2D0C9C00A8A6CA /* photoViewCell.h */,
				B11D528C1D2D0C9C00A8A6CA /* photoViewCell.m */,
				B11D528D1D2D0C9C00A8A6CA /* photoViewCell.xib */,
			);
			path = View;
			sourceTree = "<group>";
		};
		B190E8491D0FA6A200963035 /* TimeLine */ = {
			isa = PBXGroup;
			children = (
				B190E84A1D0FA6A200963035 /* Controller */,
				B190E84B1D0FA6A200963035 /* Model */,
				B190E84C1D0FA6A200963035 /* View */,
			);
			path = TimeLine;
			sourceTree = "<group>";
		};
		B190E84A1D0FA6A200963035 /* Controller */ = {
			isa = PBXGroup;
			children = (
				B190E8CE1D17CFA500963035 /* TimelineController.h */,
				B190E8CF1D17CFA500963035 /* TimelineController.m */,
			);
			path = Controller;
			sourceTree = "<group>";
		};
		B190E84B1D0FA6A200963035 /* Model */ = {
			isa = PBXGroup;
			children = (
			);
			path = Model;
			sourceTree = "<group>";
		};
		B190E84C1D0FA6A200963035 /* View */ = {
			isa = PBXGroup;
			children = (
				B190E8D11D17D51500963035 /* TimelineCell.h */,
				B190E8D21D17D51500963035 /* TimelineCell.m */,
				B190E8D31D17D51500963035 /* TimelineCell.xib */,
			);
			path = View;
			sourceTree = "<group>";
		};
		B190E84D1D0FA6A200963035 /* Tool */ = {
			isa = PBXGroup;
			children = (
				B117678D1D29FB06009921C4 /* FMData.h */,
				B117678E1D29FB06009921C4 /* FMData.m */,
				B117678F1D29FB06009921C4 /* HttpTool.h */,
				B11767901D29FB06009921C4 /* HttpTool.m */,
				B13773781D1E2D0F007DBF80 /* Bubble */,
			);
			path = Tool;
			sourceTree = "<group>";
		};
		B190E84E1D0FA6A200963035 /* Walkthrough */ = {
			isa = PBXGroup;
			children = (
				B190E84F1D0FA6A200963035 /* Controller */,
				B190E8501D0FA6A200963035 /* Model */,
				B190E8511D0FA6A200963035 /* View */,
			);
			path = Walkthrough;
			sourceTree = "<group>";
		};
		B190E84F1D0FA6A200963035 /* Controller */ = {
			isa = PBXGroup;
			children = (
				B190E8D61D17E2B500963035 /* WalkthroughViewController.h */,
				B190E8D71D17E2B500963035 /* WalkthroughViewController.m */,
			);
			path = Controller;
			sourceTree = "<group>";
		};
		B190E8501D0FA6A200963035 /* Model */ = {
			isa = PBXGroup;
			children = (
				B129DD661D1917CC007A08C6 /* MyAnimation.h */,
				B129DD671D1917CC007A08C6 /* MyAnimation.m */,
			);
			path = Model;
			sourceTree = "<group>";
		};
		B190E8511D0FA6A200963035 /* View */ = {
			isa = PBXGroup;
			children = (
				B129DD631D18D9C0007A08C6 /* CardScrollView.h */,
				B129DD641D18D9C0007A08C6 /* CardScrollView.m */,
			);
			path = View;
			sourceTree = "<group>";
		};
		B190E8551D0FA7B300963035 /* Login */ = {
			isa = PBXGroup;
			children = (
				B190E8561D0FA7B300963035 /* Controller */,
				B190E8571D0FA7B300963035 /* Model */,
				B190E8581D0FA7B300963035 /* View */,
			);
			path = Login;
			sourceTree = "<group>";
		};
		B190E8561D0FA7B300963035 /* Controller */ = {
			isa = PBXGroup;
			children = (
				B190E8591D0FA7D500963035 /* LoginController.h */,
				B190E85A1D0FA7D500963035 /* LoginController.m */,
			);
			path = Controller;
			sourceTree = "<group>";
		};
		B190E8571D0FA7B300963035 /* Model */ = {
			isa = PBXGroup;
			children = (
			);
			path = Model;
			sourceTree = "<group>";
		};
		B190E8581D0FA7B300963035 /* View */ = {
			isa = PBXGroup;
			children = (
				B190E85C1D0FDAB200963035 /* WSPaymentCircleView.h */,
				B190E85D1D0FDAB200963035 /* WSPaymentCircleView.m */,
			);
			path = View;
			sourceTree = "<group>";
		};
		B190E8921D12AA9500963035 /* Create */ = {
			isa = PBXGroup;
			children = (
				B190E8931D12AA9500963035 /* Controller */,
				B190E8941D12AA9500963035 /* Model */,
				B190E8951D12AA9500963035 /* View */,
			);
			path = Create;
			sourceTree = "<group>";
		};
		B190E8931D12AA9500963035 /* Controller */ = {
			isa = PBXGroup;
			children = (
				B190E8961D12AAD000963035 /* CreateController.h */,
				B190E8971D12AAD000963035 /* CreateController.m */,
			);
			path = Controller;
			sourceTree = "<group>";
		};
		B190E8941D12AA9500963035 /* Model */ = {
			isa = PBXGroup;
			children = (
			);
			path = Model;
			sourceTree = "<group>";
		};
		B190E8951D12AA9500963035 /* View */ = {
			isa = PBXGroup;
			children = (
				B190E89B1D138FF300963035 /* CreateCell.h */,
				B190E89C1D138FF300963035 /* CreateCell.m */,
				B190E89D1D138FF300963035 /* CreateCell.xib */,
			);
			path = View;
			sourceTree = "<group>";
		};
		B190E8A21D13A2C900963035 /* Lists */ = {
			isa = PBXGroup;
			children = (
				B190E8A31D13A2C900963035 /* Controller */,
				B190E8A41D13A2C900963035 /* Model */,
				B190E8A51D13A2C900963035 /* View */,
			);
			path = Lists;
			sourceTree = "<group>";
		};
		B190E8A31D13A2C900963035 /* Controller */ = {
			isa = PBXGroup;
			children = (
				B190E8A61D13A2E300963035 /* ListsController.h */,
				B190E8A71D13A2E300963035 /* ListsController.m */,
			);
			path = Controller;
			sourceTree = "<group>";
		};
		B190E8A41D13A2C900963035 /* Model */ = {
			isa = PBXGroup;
			children = (
			);
			path = Model;
			sourceTree = "<group>";
		};
		B190E8A51D13A2C900963035 /* View */ = {
			isa = PBXGroup;
			children = (
				B190E8A91D13B2A700963035 /* ListsCell.h */,
				B190E8AA1D13B2A700963035 /* ListsCell.m */,
				B190E8AB1D13B2A700963035 /* ListsCell.xib */,
			);
			path = View;
			sourceTree = "<group>";
		};
		C6F67A26025C00719C4E5835 /* Pods */ = {
			isa = PBXGroup;
			children = (
				3212F2D5023926ED082AEA33 /* Pods.debug.xcconfig */,
				128BF03D17B45C3796A9CE80 /* Pods.release.xcconfig */,
			);
			name = Pods;
			sourceTree = "<group>";
		};
/* End PBXGroup section */

/* Begin PBXNativeTarget section */
		B190E8081D0FA4A800963035 /* keeping */ = {
			isa = PBXNativeTarget;
			buildConfigurationList = B190E8201D0FA4A800963035 /* Build configuration list for PBXNativeTarget "keeping" */;
			buildPhases = (
				899E672F74D59039A15602CE /* Check Pods Manifest.lock */,
				B190E8051D0FA4A800963035 /* Sources */,
				B190E8061D0FA4A800963035 /* Frameworks */,
				B190E8071D0FA4A800963035 /* Resources */,
				2CDB95CE1A70EE1A2A0018AC /* Embed Pods Frameworks */,
				562CD3D4E4F4A4E402CFE9C7 /* Copy Pods Resources */,
			);
			buildRules = (
			);
			dependencies = (
			);
			name = keeping;
			productName = keeping;
			productReference = B190E8091D0FA4A800963035 /* KEEPING.app */;
			productType = "com.apple.product-type.application";
		};
/* End PBXNativeTarget section */

/* Begin PBXProject section */
		B190E8011D0FA4A800963035 /* Project object */ = {
			isa = PBXProject;
			attributes = {
				LastUpgradeCheck = 0730;
				ORGANIZATIONNAME = kaidan;
				TargetAttributes = {
					B190E8081D0FA4A800963035 = {
						CreatedOnToolsVersion = 7.3;
					};
				};
			};
			buildConfigurationList = B190E8041D0FA4A800963035 /* Build configuration list for PBXProject "keeping" */;
			compatibilityVersion = "Xcode 3.2";
			developmentRegion = English;
			hasScannedForEncodings = 0;
			knownRegions = (
				en,
				Base,
			);
			mainGroup = B190E8001D0FA4A800963035;
			productRefGroup = B190E80A1D0FA4A800963035 /* Products */;
			projectDirPath = "";
			projectRoot = "";
			targets = (
				B190E8081D0FA4A800963035 /* keeping */,
			);
		};
/* End PBXProject section */

/* Begin PBXResourcesBuildPhase section */
		B190E8071D0FA4A800963035 /* Resources */ = {
			isa = PBXResourcesBuildPhase;
			buildActionMask = 2147483647;
			files = (
				B190E8C51D17AA8800963035 /* OverViewCell.xib in Resources */,
				B190E81C1D0FA4A800963035 /* LaunchScreen.storyboard in Resources */,
				B190E89F1D138FF300963035 /* CreateCell.xib in Resources */,
				B190E8891D125E9400963035 /* MenuController.xib in Resources */,
				B190E87F1D1247E500963035 /* HomeDateView.xib in Resources */,
				B190E8191D0FA4A800963035 /* Assets.xcassets in Resources */,
				B190E8D51D17D51500963035 /* TimelineCell.xib in Resources */,
				B129DD7E1D193AF5007A08C6 /* bottomView.xib in Resources */,
				B11D528F1D2D0C9C00A8A6CA /* photoViewCell.xib in Resources */,
				B190E8C01D14EC1300963035 /* nextCollectionCell.xib in Resources */,
				B190E8CD1D17CA1500963035 /* ProfileCell.xib in Resources */,
				B190E86E1D11071B00963035 /* SignUpCell.xib in Resources */,
				B129DD8A1D1A6C6B007A08C6 /* CalendarCell.xib in Resources */,
				B190E8661D10F41E00963035 /* SignUp.storyboard in Resources */,
				B190E8AD1D13B2A700963035 /* ListsCell.xib in Resources */,
				B190E8531D0FA6A200963035 /* Info.plist in Resources */,
				B190E8911D12936600963035 /* GroupsCell.xib in Resources */,
			);
			runOnlyForDeploymentPostprocessing = 0;
		};
/* End PBXResourcesBuildPhase section */

/* Begin PBXShellScriptBuildPhase section */
		2CDB95CE1A70EE1A2A0018AC /* Embed Pods Frameworks */ = {
			isa = PBXShellScriptBuildPhase;
			buildActionMask = 2147483647;
			files = (
			);
			inputPaths = (
			);
			name = "Embed Pods Frameworks";
			outputPaths = (
			);
			runOnlyForDeploymentPostprocessing = 0;
			shellPath = /bin/sh;
			shellScript = "\"${SRCROOT}/Pods/Target Support Files/Pods/Pods-frameworks.sh\"\n";
			showEnvVarsInLog = 0;
		};
		562CD3D4E4F4A4E402CFE9C7 /* Copy Pods Resources */ = {
			isa = PBXShellScriptBuildPhase;
			buildActionMask = 2147483647;
			files = (
			);
			inputPaths = (
			);
			name = "Copy Pods Resources";
			outputPaths = (
			);
			runOnlyForDeploymentPostprocessing = 0;
			shellPath = /bin/sh;
			shellScript = "\"${SRCROOT}/Pods/Target Support Files/Pods/Pods-resources.sh\"\n";
			showEnvVarsInLog = 0;
		};
		899E672F74D59039A15602CE /* Check Pods Manifest.lock */ = {
			isa = PBXShellScriptBuildPhase;
			buildActionMask = 2147483647;
			files = (
			);
			inputPaths = (
			);
			name = "Check Pods Manifest.lock";
			outputPaths = (
			);
			runOnlyForDeploymentPostprocessing = 0;
			shellPath = /bin/sh;
			shellScript = "diff \"${PODS_ROOT}/../Podfile.lock\" \"${PODS_ROOT}/Manifest.lock\" > /dev/null\nif [[ $? != 0 ]] ; then\n    cat << EOM\nerror: The sandbox is not in sync with the Podfile.lock. Run 'pod install' or update your CocoaPods installation.\nEOM\n    exit 1\nfi\n";
			showEnvVarsInLog = 0;
		};
/* End PBXShellScriptBuildPhase section */

/* Begin PBXSourcesBuildPhase section */
		B190E8051D0FA4A800963035 /* Sources */ = {
			isa = PBXSourcesBuildPhase;
			buildActionMask = 2147483647;
			files = (
				B11DA7FE1D23CB800095E574 /* TextController.m in Sources */,
				B190E8D01D17CFA500963035 /* TimelineController.m in Sources */,
				B190E8C41D17AA8800963035 /* OverViewCell.m in Sources */,
				B11767911D29FB06009921C4 /* FMData.m in Sources */,
				B190E8541D0FA6A200963035 /* main.m in Sources */,
				B190E88C1D128A7F00963035 /* GroupsController.m in Sources */,
				B117678C1D251360009921C4 /* overViewItemModel.m in Sources */,
				B190E8D41D17D51500963035 /* TimelineCell.m in Sources */,
				B190E8BF1D14EC1300963035 /* nextCollectionCell.m in Sources */,
				B190E89E1D138FF300963035 /* CreateCell.m in Sources */,
				B129DD931D1CC750007A08C6 /* SettingController.m in Sources */,
				B11767921D29FB06009921C4 /* HttpTool.m in Sources */,
				B190E8A81D13A2E300963035 /* ListsController.m in Sources */,
				B190E86D1D11071B00963035 /* SignUpCell.m in Sources */,
				B190E85E1D0FDAB200963035 /* WSPaymentCircleView.m in Sources */,
				B11D528E1D2D0C9C00A8A6CA /* photoViewCell.m in Sources */,
				B190E8B01D13EE5D00963035 /* OverViewController.m in Sources */,
				B190E8CC1D17CA1500963035 /* ProfileCell.m in Sources */,
				B190E8D81D17E2B500963035 /* WalkthroughViewController.m in Sources */,
				B13773801D1E2D0F007DBF80 /* LZBBubbleTransition.m in Sources */,
				B129DD651D18D9C0007A08C6 /* CardScrollView.m in Sources */,
				B190E8691D10F44900963035 /* SignUpController.m in Sources */,
				B129DD891D1A6C6B007A08C6 /* CalendarCell.m in Sources */,
				B129DD7C1D192CD1007A08C6 /* bottomView.m in Sources */,
				B190E8981D12AAD000963035 /* CreateController.m in Sources */,
				B190E8C81D17C2C100963035 /* ProfileController.m in Sources */,
				B129DD8D1D1A7913007A08C6 /* headView.m in Sources */,
				B190E8AC1D13B2A700963035 /* ListsCell.m in Sources */,
				B190E8521D0FA6A200963035 /* AppDelegate.m in Sources */,
				B129DD7B1D192CD1007A08C6 /* FebruaryController.m in Sources */,
				B129DD681D1917CC007A08C6 /* MyAnimation.m in Sources */,
				B11D52921D2DF89C00A8A6CA /* imageModel.m in Sources */,
				B129DD851D1A487A007A08C6 /* JinnPopMenu.m in Sources */,
				B11D52841D2CFFF900A8A6CA /* photoView.m in Sources */,
				B190E8741D11317E00963035 /* KSDatePickerAppearance.m in Sources */,
				B190E8731D11317E00963035 /* KSDatePicker.m in Sources */,
				B11DA8011D24D5CA0095E574 /* MainController.m in Sources */,
				B190E8901D12936600963035 /* GroupsCell.m in Sources */,
				B190E8821D12480700963035 /* HomeDateView.m in Sources */,
				B190E8851D125E0800963035 /* MenuController.m in Sources */,
				B11D52981D2E316900A8A6CA /* userInfo.m in Sources */,
				B129DD811D1A341D007A08C6 /* subView.m in Sources */,
				B190E8BB1D13F49100963035 /* CutemView.m in Sources */,
				B190E8B81D13F42000963035 /* nextView.m in Sources */,
				B190E87D1D1158A200963035 /* RoundButton.m in Sources */,
				B190E8771D114BA000963035 /* HomeController.m in Sources */,
				B129DD901D1B8E1A007A08C6 /* FebruaryTool.m in Sources */,
				B129DD961D1CD545007A08C6 /* TabBarController.m in Sources */,
				B13773861D1E3126007DBF80 /* LZBBaseTransition.m in Sources */,
				B190E85B1D0FA7D500963035 /* LoginController.m in Sources */,
			);
			runOnlyForDeploymentPostprocessing = 0;
		};
/* End PBXSourcesBuildPhase section */

/* Begin PBXVariantGroup section */
		B190E81A1D0FA4A800963035 /* LaunchScreen.storyboard */ = {
			isa = PBXVariantGroup;
			children = (
				B190E81B1D0FA4A800963035 /* Base */,
			);
			name = LaunchScreen.storyboard;
			sourceTree = "<group>";
		};
/* End PBXVariantGroup section */

/* Begin XCBuildConfiguration section */
		B190E81E1D0FA4A800963035 /* Debug */ = {
			isa = XCBuildConfiguration;
			buildSettings = {
				ALWAYS_SEARCH_USER_PATHS = NO;
				CLANG_ANALYZER_NONNULL = YES;
				CLANG_CXX_LANGUAGE_STANDARD = "gnu++0x";
				CLANG_CXX_LIBRARY = "libc++";
				CLANG_ENABLE_MODULES = YES;
				CLANG_ENABLE_OBJC_ARC = YES;
				CLANG_WARN_BOOL_CONVERSION = YES;
				CLANG_WARN_CONSTANT_CONVERSION = YES;
				CLANG_WARN_DIRECT_OBJC_ISA_USAGE = YES_ERROR;
				CLANG_WARN_EMPTY_BODY = YES;
				CLANG_WARN_ENUM_CONVERSION = YES;
				CLANG_WARN_INT_CONVERSION = YES;
				CLANG_WARN_OBJC_ROOT_CLASS = YES_ERROR;
				CLANG_WARN_UNREACHABLE_CODE = YES;
				CLANG_WARN__DUPLICATE_METHOD_MATCH = YES;
				"CODE_SIGN_IDENTITY[sdk=iphoneos*]" = "iPhone Developer";
				COPY_PHASE_STRIP = NO;
				DEBUG_INFORMATION_FORMAT = dwarf;
				ENABLE_STRICT_OBJC_MSGSEND = YES;
				ENABLE_TESTABILITY = YES;
				GCC_C_LANGUAGE_STANDARD = gnu99;
				GCC_DYNAMIC_NO_PIC = NO;
				GCC_NO_COMMON_BLOCKS = YES;
				GCC_OPTIMIZATION_LEVEL = 0;
				GCC_PREPROCESSOR_DEFINITIONS = (
					"DEBUG=1",
					"$(inherited)",
				);
				GCC_WARN_64_TO_32_BIT_CONVERSION = YES;
				GCC_WARN_ABOUT_RETURN_TYPE = YES_ERROR;
				GCC_WARN_UNDECLARED_SELECTOR = YES;
				GCC_WARN_UNINITIALIZED_AUTOS = YES_AGGRESSIVE;
				GCC_WARN_UNUSED_FUNCTION = YES;
				GCC_WARN_UNUSED_VARIABLE = YES;
				IPHONEOS_DEPLOYMENT_TARGET = 9.3;
				MTL_ENABLE_DEBUG_INFO = YES;
				ONLY_ACTIVE_ARCH = YES;
				SDKROOT = iphoneos;
			};
			name = Debug;
		};
		B190E81F1D0FA4A800963035 /* Release */ = {
			isa = XCBuildConfiguration;
			buildSettings = {
				ALWAYS_SEARCH_USER_PATHS = NO;
				CLANG_ANALYZER_NONNULL = YES;
				CLANG_CXX_LANGUAGE_STANDARD = "gnu++0x";
				CLANG_CXX_LIBRARY = "libc++";
				CLANG_ENABLE_MODULES = YES;
				CLANG_ENABLE_OBJC_ARC = YES;
				CLANG_WARN_BOOL_CONVERSION = YES;
				CLANG_WARN_CONSTANT_CONVERSION = YES;
				CLANG_WARN_DIRECT_OBJC_ISA_USAGE = YES_ERROR;
				CLANG_WARN_EMPTY_BODY = YES;
				CLANG_WARN_ENUM_CONVERSION = YES;
				CLANG_WARN_INT_CONVERSION = YES;
				CLANG_WARN_OBJC_ROOT_CLASS = YES_ERROR;
				CLANG_WARN_UNREACHABLE_CODE = YES;
				CLANG_WARN__DUPLICATE_METHOD_MATCH = YES;
				"CODE_SIGN_IDENTITY[sdk=iphoneos*]" = "iPhone Developer";
				COPY_PHASE_STRIP = NO;
				DEBUG_INFORMATION_FORMAT = "dwarf-with-dsym";
				ENABLE_NS_ASSERTIONS = NO;
				ENABLE_STRICT_OBJC_MSGSEND = YES;
				GCC_C_LANGUAGE_STANDARD = gnu99;
				GCC_NO_COMMON_BLOCKS = YES;
				GCC_WARN_64_TO_32_BIT_CONVERSION = YES;
				GCC_WARN_ABOUT_RETURN_TYPE = YES_ERROR;
				GCC_WARN_UNDECLARED_SELECTOR = YES;
				GCC_WARN_UNINITIALIZED_AUTOS = YES_AGGRESSIVE;
				GCC_WARN_UNUSED_FUNCTION = YES;
				GCC_WARN_UNUSED_VARIABLE = YES;
				IPHONEOS_DEPLOYMENT_TARGET = 9.3;
				MTL_ENABLE_DEBUG_INFO = NO;
				SDKROOT = iphoneos;
				VALIDATE_PRODUCT = YES;
			};
			name = Release;
		};
		B190E8211D0FA4A800963035 /* Debug */ = {
			isa = XCBuildConfiguration;
			baseConfigurationReference = 3212F2D5023926ED082AEA33 /* Pods.debug.xcconfig */;
			buildSettings = {
				ASSETCATALOG_COMPILER_APPICON_NAME = AppIcon;
				CODE_SIGN_IDENTITY = "iPhone Developer";
				"CODE_SIGN_IDENTITY[sdk=iphoneos*]" = "iPhone Developer";
				EXECUTABLE_PREFIX = "";
				GCC_PRECOMPILE_PREFIX_HEADER = YES;
				GCC_PREFIX_HEADER = keeping/Classes/Other/PrefixHeader.pch;
				INFOPLIST_FILE = "$(SRCROOT)/keeping/Classes/Other/Info.plist";
				INFOPLIST_PREFIX_HEADER = "";
				IPHONEOS_DEPLOYMENT_TARGET = 9.2;
				LD_RUNPATH_SEARCH_PATHS = "$(inherited) @executable_path/Frameworks";
				PRODUCT_BUNDLE_IDENTIFIER = com.e6878.keeping;
				PRODUCT_NAME = KEEPING;
				PROVISIONING_PROFILE = "";
				TARGETED_DEVICE_FAMILY = 1;
			};
			name = Debug;
		};
		B190E8221D0FA4A800963035 /* Release */ = {
			isa = XCBuildConfiguration;
			baseConfigurationReference = 128BF03D17B45C3796A9CE80 /* Pods.release.xcconfig */;
			buildSettings = {
				ASSETCATALOG_COMPILER_APPICON_NAME = AppIcon;
				CODE_SIGN_IDENTITY = "iPhone Developer";
				"CODE_SIGN_IDENTITY[sdk=iphoneos*]" = "iPhone Developer";
				EXECUTABLE_PREFIX = "";
				GCC_PRECOMPILE_PREFIX_HEADER = YES;
				GCC_PREFIX_HEADER = keeping/Classes/Other/PrefixHeader.pch;
				INFOPLIST_FILE = "$(SRCROOT)/keeping/Classes/Other/Info.plist";
				INFOPLIST_PREFIX_HEADER = "";
				IPHONEOS_DEPLOYMENT_TARGET = 9.2;
				LD_RUNPATH_SEARCH_PATHS = "$(inherited) @executable_path/Frameworks";
				PRODUCT_BUNDLE_IDENTIFIER = com.e6878.keeping;
				PRODUCT_NAME = KEEPING;
				PROVISIONING_PROFILE = "";
				TARGETED_DEVICE_FAMILY = 1;
			};
			name = Release;
		};
/* End XCBuildConfiguration section */

/* Begin XCConfigurationList section */
		B190E8041D0FA4A800963035 /* Build configuration list for PBXProject "keeping" */ = {
			isa = XCConfigurationList;
			buildConfigurations = (
				B190E81E1D0FA4A800963035 /* Debug */,
				B190E81F1D0FA4A800963035 /* Release */,
			);
			defaultConfigurationIsVisible = 0;
			defaultConfigurationName = Release;
		};
		B190E8201D0FA4A800963035 /* Build configuration list for PBXNativeTarget "keeping" */ = {
			isa = XCConfigurationList;
			buildConfigurations = (
				B190E8211D0FA4A800963035 /* Debug */,
				B190E8221D0FA4A800963035 /* Release */,
			);
			defaultConfigurationIsVisible = 0;
			defaultConfigurationName = Release;
		};
/* End XCConfigurationList section */
	};
	rootObject = B190E8011D0FA4A800963035 /* Project object */;
}
